// !$*UTF8*$!
{
	archiveVersion = 1;
	classes = {
	};
	objectVersion = 55;
	objects = {

/* Begin PBXBuildFile section */
		ABF9D26227B51BA8009EC92C /* AppDelegate.swift in Sources */ = {isa = PBXBuildFile; fileRef = ABF9D26127B51BA8009EC92C /* AppDelegate.swift */; };
		ABF9D26427B51BA8009EC92C /* SceneDelegate.swift in Sources */ = {isa = PBXBuildFile; fileRef = ABF9D26327B51BA8009EC92C /* SceneDelegate.swift */; };
		ABF9D26927B51BA8009EC92C /* Main.storyboard in Resources */ = {isa = PBXBuildFile; fileRef = ABF9D26727B51BA8009EC92C /* Main.storyboard */; };
		ABF9D26B27B51BAA009EC92C /* Assets.xcassets in Resources */ = {isa = PBXBuildFile; fileRef = ABF9D26A27B51BAA009EC92C /* Assets.xcassets */; };
		ABF9D26E27B51BAA009EC92C /* LaunchScreen.storyboard in Resources */ = {isa = PBXBuildFile; fileRef = ABF9D26C27B51BAA009EC92C /* LaunchScreen.storyboard */; };
		ABFE23AB27BA4108001F46A2 /* Movie.swift in Sources */ = {isa = PBXBuildFile; fileRef = ABFE23AA27BA4108001F46A2 /* Movie.swift */; };
		ABFE23AD27BA412E001F46A2 /* Genre.swift in Sources */ = {isa = PBXBuildFile; fileRef = ABFE23AC27BA412E001F46A2 /* Genre.swift */; };
		ABFE23B127BA4606001F46A2 /* Response.swift in Sources */ = {isa = PBXBuildFile; fileRef = ABFE23B027BA4606001F46A2 /* Response.swift */; };
		ABFE23B327BB8BE9001F46A2 /* StartViewController.swift in Sources */ = {isa = PBXBuildFile; fileRef = ABFE23B227BB8BE9001F46A2 /* StartViewController.swift */; };
		ABFE23B727BB8CD9001F46A2 /* MovieCell.swift in Sources */ = {isa = PBXBuildFile; fileRef = ABFE23B627BB8CD9001F46A2 /* MovieCell.swift */; };
		ABFE23B927BB8D1F001F46A2 /* TitleViewCell.swift in Sources */ = {isa = PBXBuildFile; fileRef = ABFE23B827BB8D1F001F46A2 /* TitleViewCell.swift */; };
		ABFE23BB27BBBFA7001F46A2 /* UIImageView+loadImage.swift in Sources */ = {isa = PBXBuildFile; fileRef = ABFE23BA27BBBFA7001F46A2 /* UIImageView+loadImage.swift */; };
		ABFE23BD27BBBFEB001F46A2 /* ImageCache.swift in Sources */ = {isa = PBXBuildFile; fileRef = ABFE23BC27BBBFEB001F46A2 /* ImageCache.swift */; };
		ABFE23BF27BBE7BC001F46A2 /* DetailViewController.swift in Sources */ = {isa = PBXBuildFile; fileRef = ABFE23BE27BBE7BC001F46A2 /* DetailViewController.swift */; };
/* End PBXBuildFile section */

/* Begin PBXFileReference section */
		ABF9D25E27B51BA8009EC92C /* CollectionsView.app */ = {isa = PBXFileReference; explicitFileType = wrapper.application; includeInIndex = 0; path = CollectionsView.app; sourceTree = BUILT_PRODUCTS_DIR; };
		ABF9D26127B51BA8009EC92C /* AppDelegate.swift */ = {isa = PBXFileReference; lastKnownFileType = sourcecode.swift; path = AppDelegate.swift; sourceTree = "<group>"; };
		ABF9D26327B51BA8009EC92C /* SceneDelegate.swift */ = {isa = PBXFileReference; lastKnownFileType = sourcecode.swift; path = SceneDelegate.swift; sourceTree = "<group>"; };
		ABF9D26827B51BA8009EC92C /* Base */ = {isa = PBXFileReference; lastKnownFileType = file.storyboard; name = Base; path = Base.lproj/Main.storyboard; sourceTree = "<group>"; };
		ABF9D26A27B51BAA009EC92C /* Assets.xcassets */ = {isa = PBXFileReference; lastKnownFileType = folder.assetcatalog; path = Assets.xcassets; sourceTree = "<group>"; };
		ABF9D26D27B51BAA009EC92C /* Base */ = {isa = PBXFileReference; lastKnownFileType = file.storyboard; name = Base; path = Base.lproj/LaunchScreen.storyboard; sourceTree = "<group>"; };
		ABF9D26F27B51BAA009EC92C /* Info.plist */ = {isa = PBXFileReference; lastKnownFileType = text.plist.xml; path = Info.plist; sourceTree = "<group>"; };
		ABFE23AA27BA4108001F46A2 /* Movie.swift */ = {isa = PBXFileReference; lastKnownFileType = sourcecode.swift; path = Movie.swift; sourceTree = "<group>"; };
		ABFE23AC27BA412E001F46A2 /* Genre.swift */ = {isa = PBXFileReference; lastKnownFileType = sourcecode.swift; path = Genre.swift; sourceTree = "<group>"; };
		ABFE23B027BA4606001F46A2 /* Response.swift */ = {isa = PBXFileReference; lastKnownFileType = sourcecode.swift; path = Response.swift; sourceTree = "<group>"; };
		ABFE23B227BB8BE9001F46A2 /* StartViewController.swift */ = {isa = PBXFileReference; lastKnownFileType = sourcecode.swift; path = StartViewController.swift; sourceTree = "<group>"; };
		ABFE23B627BB8CD9001F46A2 /* MovieCell.swift */ = {isa = PBXFileReference; lastKnownFileType = sourcecode.swift; path = MovieCell.swift; sourceTree = "<group>"; };
		ABFE23B827BB8D1F001F46A2 /* TitleViewCell.swift */ = {isa = PBXFileReference; lastKnownFileType = sourcecode.swift; path = TitleViewCell.swift; sourceTree = "<group>"; };
		ABFE23BA27BBBFA7001F46A2 /* UIImageView+loadImage.swift */ = {isa = PBXFileReference; lastKnownFileType = sourcecode.swift; path = "UIImageView+loadImage.swift"; sourceTree = "<group>"; };
		ABFE23BC27BBBFEB001F46A2 /* ImageCache.swift */ = {isa = PBXFileReference; lastKnownFileType = sourcecode.swift; path = ImageCache.swift; sourceTree = "<group>"; };
		ABFE23BE27BBE7BC001F46A2 /* DetailViewController.swift */ = {isa = PBXFileReference; lastKnownFileType = sourcecode.swift; path = DetailViewController.swift; sourceTree = "<group>"; };
/* End PBXFileReference section */

/* Begin PBXFrameworksBuildPhase section */
		ABF9D25B27B51BA8009EC92C /* Frameworks */ = {
			isa = PBXFrameworksBuildPhase;
			buildActionMask = 2147483647;
			files = (
			);
			runOnlyForDeploymentPostprocessing = 0;
		};
/* End PBXFrameworksBuildPhase section */

/* Begin PBXGroup section */
		ABF9D25527B51BA8009EC92C = {
			isa = PBXGroup;
			children = (
				ABF9D26027B51BA8009EC92C /* CollectionsView */,
				ABF9D25F27B51BA8009EC92C /* Products */,
			);
			sourceTree = "<group>";
		};
		ABF9D25F27B51BA8009EC92C /* Products */ = {
			isa = PBXGroup;
			children = (
				ABF9D25E27B51BA8009EC92C /* CollectionsView.app */,
			);
			name = Products;
			sourceTree = "<group>";
		};
		ABF9D26027B51BA8009EC92C /* CollectionsView */ = {
			isa = PBXGroup;
			children = (
				ABF9D26127B51BA8009EC92C /* AppDelegate.swift */,
				ABF9D26327B51BA8009EC92C /* SceneDelegate.swift */,
				ABF9D26727B51BA8009EC92C /* Main.storyboard */,
				ABFE23B227BB8BE9001F46A2 /* StartViewController.swift */,
				ABFE23BC27BBBFEB001F46A2 /* ImageCache.swift */,
				ABFE23BA27BBBFA7001F46A2 /* UIImageView+loadImage.swift */,
				ABFE23B827BB8D1F001F46A2 /* TitleViewCell.swift */,
				ABFE23BE27BBE7BC001F46A2 /* DetailViewController.swift */,
				ABFE23B627BB8CD9001F46A2 /* MovieCell.swift */,
				ABFE23AA27BA4108001F46A2 /* Movie.swift */,
				ABFE23B027BA4606001F46A2 /* Response.swift */,
				ABFE23AC27BA412E001F46A2 /* Genre.swift */,
				ABF9D26A27B51BAA009EC92C /* Assets.xcassets */,
				ABF9D26C27B51BAA009EC92C /* LaunchScreen.storyboard */,
				ABF9D26F27B51BAA009EC92C /* Info.plist */,
			);
			path = CollectionsView;
			sourceTree = "<group>";
		};
/* End PBXGroup section */

/* Begin PBXNativeTarget section */
		ABF9D25D27B51BA8009EC92C /* CollectionsView */ = {
			isa = PBXNativeTarget;
			buildConfigurationList = ABF9D27227B51BAA009EC92C /* Build configuration list for PBXNativeTarget "CollectionsView" */;
			buildPhases = (
				ABF9D25A27B51BA8009EC92C /* Sources */,
				ABF9D25B27B51BA8009EC92C /* Frameworks */,
				ABF9D25C27B51BA8009EC92C /* Resources */,
			);
			buildRules = (
			);
			dependencies = (
			);
			name = CollectionsView;
			productName = CollectionsView;
			productReference = ABF9D25E27B51BA8009EC92C /* CollectionsView.app */;
			productType = "com.apple.product-type.application";
		};
/* End PBXNativeTarget section */

/* Begin PBXProject section */
		ABF9D25627B51BA8009EC92C /* Project object */ = {
			isa = PBXProject;
			attributes = {
				BuildIndependentTargetsInParallel = 1;
				LastSwiftUpdateCheck = 1320;
				LastUpgradeCheck = 1320;
				TargetAttributes = {
					ABF9D25D27B51BA8009EC92C = {
						CreatedOnToolsVersion = 13.2.1;
					};
				};
			};
			buildConfigurationList = ABF9D25927B51BA8009EC92C /* Build configuration list for PBXProject "CollectionsView" */;
			compatibilityVersion = "Xcode 13.0";
			developmentRegion = en;
			hasScannedForEncodings = 0;
			knownRegions = (
				en,
				Base,
			);
			mainGroup = ABF9D25527B51BA8009EC92C;
			productRefGroup = ABF9D25F27B51BA8009EC92C /* Products */;
			projectDirPath = "";
			projectRoot = "";
			targets = (
				ABF9D25D27B51BA8009EC92C /* CollectionsView */,
			);
		};
/* End PBXProject section */

/* Begin PBXResourcesBuildPhase section */
		ABF9D25C27B51BA8009EC92C /* Resources */ = {
			isa = PBXResourcesBuildPhase;
			buildActionMask = 2147483647;
			files = (
				ABF9D26E27B51BAA009EC92C /* LaunchScreen.storyboard in Resources */,
				ABF9D26B27B51BAA009EC92C /* Assets.xcassets in Resources */,
				ABF9D26927B51BA8009EC92C /* Main.storyboard in Resources */,
			);
			runOnlyForDeploymentPostprocessing = 0;
		};
/* End PBXResourcesBuildPhase section */

/* Begin PBXSourcesBuildPhase section */
		ABF9D25A27B51BA8009EC92C /* Sources */ = {
			isa = PBXSourcesBuildPhase;
			buildActionMask = 2147483647;
			files = (
				ABFE23BF27BBE7BC001F46A2 /* DetailViewController.swift in Sources */,
				ABFE23B927BB8D1F001F46A2 /* TitleViewCell.swift in Sources */,
				ABFE23AB27BA4108001F46A2 /* Movie.swift in Sources */,
				ABFE23B127BA4606001F46A2 /* Response.swift in Sources */,
				ABFE23B327BB8BE9001F46A2 /* StartViewController.swift in Sources */,
				ABFE23BD27BBBFEB001F46A2 /* ImageCache.swift in Sources */,
				ABFE23B727BB8CD9001F46A2 /* MovieCell.swift in Sources */,
				ABFE23BB27BBBFA7001F46A2 /* UIImageView+loadImage.swift in Sources */,
				ABF9D26227B51BA8009EC92C /* AppDelegate.swift in Sources */,
				ABF9D26427B51BA8009EC92C /* SceneDelegate.swift in Sources */,
				ABFE23AD27BA412E001F46A2 /* Genre.swift in Sources */,
			);
			runOnlyForDeploymentPostprocessing = 0;
		};
/* End PBXSourcesBuildPhase section */

/* Begin PBXVariantGroup section */
		ABF9D26727B51BA8009EC92C /* Main.storyboard */ = {
			isa = PBXVariantGroup;
			children = (
				ABF9D26827B51BA8009EC92C /* Base */,
			);
			name = Main.storyboard;
			sourceTree = "<group>";
		};
		ABF9D26C27B51BAA009EC92C /* LaunchScreen.storyboard */ = {
			isa = PBXVariantGroup;
			children = (
				ABF9D26D27B51BAA009EC92C /* Base */,
			);
			name = LaunchScreen.storyboard;
			sourceTree = "<group>";
		};
/* End PBXVariantGroup section */

/* Begin XCBuildConfiguration section */
		ABF9D27027B51BAA009EC92C /* Debug */ = {
			isa = XCBuildConfiguration;
			buildSettings = {
				ALWAYS_SEARCH_USER_PATHS = NO;
				CLANG_ANALYZER_NONNULL = YES;
				CLANG_ANALYZER_NUMBER_OBJECT_CONVERSION = YES_AGGRESSIVE;
				CLANG_CXX_LANGUAGE_STANDARD = "gnu++17";
				CLANG_CXX_LIBRARY = "libc++";
				CLANG_ENABLE_MODULES = YES;
				CLANG_ENABLE_OBJC_ARC = YES;
				CLANG_ENABLE_OBJC_WEAK = YES;
				CLANG_WARN_BLOCK_CAPTURE_AUTORELEASING = YES;
				CLANG_WARN_BOOL_CONVERSION = YES;
				CLANG_WARN_COMMA = YES;
				CLANG_WARN_CONSTANT_CONVERSION = YES;
				CLANG_WARN_DEPRECATED_OBJC_IMPLEMENTATIONS = YES;
				CLANG_WARN_DIRECT_OBJC_ISA_USAGE = YES_ERROR;
				CLANG_WARN_DOCUMENTATION_COMMENTS = YES;
				CLANG_WARN_EMPTY_BODY = YES;
				CLANG_WARN_ENUM_CONVERSION = YES;
				CLANG_WARN_INFINITE_RECURSION = YES;
				CLANG_WARN_INT_CONVERSION = YES;
				CLANG_WARN_NON_LITERAL_NULL_CONVERSION = YES;
				CLANG_WARN_OBJC_IMPLICIT_RETAIN_SELF = YES;
				CLANG_WARN_OBJC_LITERAL_CONVERSION = YES;
				CLANG_WARN_OBJC_ROOT_CLASS = YES_ERROR;
				CLANG_WARN_QUOTED_INCLUDE_IN_FRAMEWORK_HEADER = YES;
				CLANG_WARN_RANGE_LOOP_ANALYSIS = YES;
				CLANG_WARN_STRICT_PROTOTYPES = YES;
				CLANG_WARN_SUSPICIOUS_MOVE = YES;
				CLANG_WARN_UNGUARDED_AVAILABILITY = YES_AGGRESSIVE;
				CLANG_WARN_UNREACHABLE_CODE = YES;
				CLANG_WARN__DUPLICATE_METHOD_MATCH = YES;
				COPY_PHASE_STRIP = NO;
				DEBUG_INFORMATION_FORMAT = dwarf;
				ENABLE_STRICT_OBJC_MSGSEND = YES;
				ENABLE_TESTABILITY = YES;
				GCC_C_LANGUAGE_STANDARD = gnu11;
				GCC_DYNAMIC_NO_PIC = NO;
				GCC_NO_COMMON_BLOCKS = YES;
				GCC_OPTIMIZATION_LEVEL = 0;
				GCC_PREPROCESSOR_DEFINITIONS = (
					"DEBUG=1",
					"$(inherited)",
				);
				GCC_WARN_64_TO_32_BIT_CONVERSION = YES;
				GCC_WARN_ABOUT_RETURN_TYPE = YES_ERROR;
				GCC_WARN_UNDECLARED_SELECTOR = YES;
				GCC_WARN_UNINITIALIZED_AUTOS = YES_AGGRESSIVE;
				GCC_WARN_UNUSED_FUNCTION = YES;
				GCC_WARN_UNUSED_VARIABLE = YES;
				IPHONEOS_DEPLOYMENT_TARGET = 15.2;
				MTL_ENABLE_DEBUG_INFO = INCLUDE_SOURCE;
				MTL_FAST_MATH = YES;
				ONLY_ACTIVE_ARCH = YES;
				SDKROOT = iphoneos;
				SWIFT_ACTIVE_COMPILATION_CONDITIONS = DEBUG;
				SWIFT_OPTIMIZATION_LEVEL = "-Onone";
			};
			name = Debug;
		};
		ABF9D27127B51BAA009EC92C /* Release */ = {
			isa = XCBuildConfiguration;
			buildSettings = {
				ALWAYS_SEARCH_USER_PATHS = NO;
				CLANG_ANALYZER_NONNULL = YES;
				CLANG_ANALYZER_NUMBER_OBJECT_CONVERSION = YES_AGGRESSIVE;
				CLANG_CXX_LANGUAGE_STANDARD = "gnu++17";
				CLANG_CXX_LIBRARY = "libc++";
				CLANG_ENABLE_MODULES = YES;
				CLANG_ENABLE_OBJC_ARC = YES;
				CLANG_ENABLE_OBJC_WEAK = YES;
				CLANG_WARN_BLOCK_CAPTURE_AUTORELEASING = YES;
				CLANG_WARN_BOOL_CONVERSION = YES;
				CLANG_WARN_COMMA = YES;
				CLANG_WARN_CONSTANT_CONVERSION = YES;
				CLANG_WARN_DEPRECATED_OBJC_IMPLEMENTATIONS = YES;
				CLANG_WARN_DIRECT_OBJC_ISA_USAGE = YES_ERROR;
				CLANG_WARN_DOCUMENTATION_COMMENTS = YES;
				CLANG_WARN_EMPTY_BODY = YES;
				CLANG_WARN_ENUM_CONVERSION = YES;
				CLANG_WARN_INFINITE_RECURSION = YES;
				CLANG_WARN_INT_CONVERSION = YES;
				CLANG_WARN_NON_LITERAL_NULL_CONVERSION = YES;
				CLANG_WARN_OBJC_IMPLICIT_RETAIN_SELF = YES;
				CLANG_WARN_OBJC_LITERAL_CONVERSION = YES;
				CLANG_WARN_OBJC_ROOT_CLASS = YES_ERROR;
				CLANG_WARN_QUOTED_INCLUDE_IN_FRAMEWORK_HEADER = YES;
				CLANG_WARN_RANGE_LOOP_ANALYSIS = YES;
				CLANG_WARN_STRICT_PROTOTYPES = YES;
				CLANG_WARN_SUSPICIOUS_MOVE = YES;
				CLANG_WARN_UNGUARDED_AVAILABILITY = YES_AGGRESSIVE;
				CLANG_WARN_UNREACHABLE_CODE = YES;
				CLANG_WARN__DUPLICATE_METHOD_MATCH = YES;
				COPY_PHASE_STRIP = NO;
				DEBUG_INFORMATION_FORMAT = "dwarf-with-dsym";
				ENABLE_NS_ASSERTIONS = NO;
				ENABLE_STRICT_OBJC_MSGSEND = YES;
				GCC_C_LANGUAGE_STANDARD = gnu11;
				GCC_NO_COMMON_BLOCKS = YES;
				GCC_WARN_64_TO_32_BIT_CONVERSION = YES;
				GCC_WARN_ABOUT_RETURN_TYPE = YES_ERROR;
				GCC_WARN_UNDECLARED_SELECTOR = YES;
				GCC_WARN_UNINITIALIZED_AUTOS = YES_AGGRESSIVE;
				GCC_WARN_UNUSED_FUNCTION = YES;
				GCC_WARN_UNUSED_VARIABLE = YES;
				IPHONEOS_DEPLOYMENT_TARGET = 15.2;
				MTL_ENABLE_DEBUG_INFO = NO;
				MTL_FAST_MATH = YES;
				SDKROOT = iphoneos;
				SWIFT_COMPILATION_MODE = wholemodule;
				SWIFT_OPTIMIZATION_LEVEL = "-O";
				VALIDATE_PRODUCT = YES;
			};
			name = Release;
		};
		ABF9D27327B51BAA009EC92C /* Debug */ = {
			isa = XCBuildConfiguration;
			buildSettings = {
				ASSETCATALOG_COMPILER_APPICON_NAME = AppIcon;
				ASSETCATALOG_COMPILER_GLOBAL_ACCENT_COLOR_NAME = AccentColor;
				CODE_SIGN_STYLE = Automatic;
				CURRENT_PROJECT_VERSION = 1;
				DEVELOPMENT_TEAM = FDL37P4ZGF;
				GENERATE_INFOPLIST_FILE = YES;
				INFOPLIST_FILE = CollectionsView/Info.plist;
				INFOPLIST_KEY_UIApplicationSupportsIndirectInputEvents = YES;
				INFOPLIST_KEY_UILaunchStoryboardName = LaunchScreen;
				INFOPLIST_KEY_UIMainStoryboardFile = Main;
				INFOPLIST_KEY_UISupportedInterfaceOrientations_iPad = "UIInterfaceOrientationPortrait UIInterfaceOrientationPortraitUpsideDown UIInterfaceOrientationLandscapeLeft UIInterfaceOrientationLandscapeRight";
				INFOPLIST_KEY_UISupportedInterfaceOrientations_iPhone = "UIInterfaceOrientationPortrait UIInterfaceOrientationLandscapeLeft UIInterfaceOrientationLandscapeRight";
				LD_RUNPATH_SEARCH_PATHS = (
					"$(inherited)",
					"@executable_path/Frameworks",
				);
				MARKETING_VERSION = 1.0;
				PRODUCT_BUNDLE_IDENTIFIER = belovandrey.CollectionsView;
				PRODUCT_NAME = "$(TARGET_NAME)";
				SWIFT_EMIT_LOC_STRINGS = YES;
				SWIFT_VERSION = 5.0;
				TARGETED_DEVICE_FAMILY = "1,2";
			};
			name = Debug;
		};
		ABF9D27427B51BAA009EC92C /* Release */ = {
			isa = XCBuildConfiguration;
			buildSettings = {
				ASSETCATALOG_COMPILER_APPICON_NAME = AppIcon;
				ASSETCATALOG_COMPILER_GLOBAL_ACCENT_COLOR_NAME = AccentColor;
				CODE_SIGN_STYLE = Automatic;
				CURRENT_PROJECT_VERSION = 1;
				DEVELOPMENT_TEAM = FDL37P4ZGF;
				GENERATE_INFOPLIST_FILE = YES;
				INFOPLIST_FILE = CollectionsView/Info.plist;
				INFOPLIST_KEY_UIApplicationSupportsIndirectInputEvents = YES;
				INFOPLIST_KEY_UILaunchStoryboardName = LaunchScreen;
				INFOPLIST_KEY_UIMainStoryboardFile = Main;
				INFOPLIST_KEY_UISupportedInterfaceOrientations_iPad = "UIInterfaceOrientationPortrait UIInterfaceOrientationPortraitUpsideDown UIInterfaceOrientationLandscapeLeft UIInterfaceOrientationLandscapeRight";
				INFOPLIST_KEY_UISupportedInterfaceOrientations_iPhone = "UIInterfaceOrientationPortrait UIInterfaceOrientationLandscapeLeft UIInterfaceOrientationLandscapeRight";
				LD_RUNPATH_SEARCH_PATHS = (
					"$(inherited)",
					"@executable_path/Frameworks",
				);
				MARKETING_VERSION = 1.0;
				PRODUCT_BUNDLE_IDENTIFIER = belovandrey.CollectionsView;
				PRODUCT_NAME = "$(TARGET_NAME)";
				SWIFT_EMIT_LOC_STRINGS = YES;
				SWIFT_VERSION = 5.0;
				TARGETED_DEVICE_FAMILY = "1,2";
			};
			name = Release;
		};
/* End XCBuildConfiguration section */

/* Begin XCConfigurationList section */
		ABF9D25927B51BA8009EC92C /* Build configuration list for PBXProject "CollectionsView" */ = {
			isa = XCConfigurationList;
			buildConfigurations = (
				ABF9D27027B51BAA009EC92C /* Debug */,
				ABF9D27127B51BAA009EC92C /* Release */,
			);
			defaultConfigurationIsVisible = 0;
			defaultConfigurationName = Release;
		};
		ABF9D27227B51BAA009EC92C /* Build configuration list for PBXNativeTarget "CollectionsView" */ = {
			isa = XCConfigurationList;
			buildConfigurations = (
				ABF9D27327B51BAA009EC92C /* Debug */,
				ABF9D27427B51BAA009EC92C /* Release */,
			);
			defaultConfigurationIsVisible = 0;
			defaultConfigurationName = Release;
		};
/* End XCConfigurationList section */
	};
	rootObject = ABF9D25627B51BA8009EC92C /* Project object */;
}
